
Microsoft Visual Studio Solution File, Format Version 12.00
# Visual Studio 15
VisualStudioVersion = 15.0.28010.2041
MinimumVisualStudioVersion = 10.0.40219.1
Project("{FAE04EC0-301F-11D3-BF4B-00C04F79EFBC}") = "KNDBsys.WEB", "KNDBsys.WEB\KNDBsys.WEB.csproj", "{83628E47-9C59-47F0-8B42-EB9627740651}"
EndProject
Project("{FAE04EC0-301F-11D3-BF4B-00C04F79EFBC}") = "KNDBsys.Model", "KNDBsys.Model\KNDBsys.Model.csproj", "{6BA63A23-22A5-4B93-8461-17AE0AA43B59}"
EndProject
Project("{FAE04EC0-301F-11D3-BF4B-00C04F79EFBC}") = "KNDBsys.DAL", "KNDBsys.DAL\KNDBsys.DAL.csproj", "{AE7B3D24-8AD2-4C6F-AF32-DDC1B0A71EF1}"
EndProject
Project("{FAE04EC0-301F-11D3-BF4B-00C04F79EFBC}") = "KNDBsys.IDAL", "KNDBsys.IDAL\KNDBsys.IDAL.csproj", "{9655E859-F8CA-4EE1-A506-E6E7605CC762}"
EndProject
Project("{FAE04EC0-301F-11D3-BF4B-00C04F79EFBC}") = "KNDBsys.BLL", "KNDBsys.BLL\KNDBsys.BLL.csproj", "{9CCC63A6-6F4C-44EB-ABF0-90E4EA328F61}"
EndProject
Project("{FAE04EC0-301F-11D3-BF4B-00C04F79EFBC}") = "KNDBsys.IBLL", "KNDBsys.IBLL\KNDBsys.IBLL.csproj", "{8B211DB0-D7FD-4CA7-97B5-A0A012A10AC6}"
EndProject
Project("{FAE04EC0-301F-11D3-BF4B-00C04F79EFBC}") = "KNDBsys.Common", "KNDBsys.Common\KNDBsys.Common.csproj", "{4D6AD45D-D2DA-4AE8-8AF6-85EB095AFA6E}"
EndProject
Project("{2150E333-8FDC-42A3-9474-1A3956D46DE8}") = "DAL", "DAL", "{C79EA3DD-C50D-417F-8F0A-7DE49DD654F8}"
EndProject
Project("{2150E333-8FDC-42A3-9474-1A3956D46DE8}") = "BLL", "BLL", "{9F44F76B-C411-4E4D-A00F-92F733EC9A20}"
EndProject
Project("{2150E333-8FDC-42A3-9474-1A3956D46DE8}") = "InitData", "InitData", "{C543F252-AD04-4B70-AB42-DB36F920BCC0}"
EndProject
Project("{FAE04EC0-301F-11D3-BF4B-00C04F79EFBC}") = "InitData", "InitData\InitData.csproj", "{06B9125A-BF58-40E7-A829-37F95BE7917B}"
EndProject
Project("{FAE04EC0-301F-11D3-BF4B-00C04F79EFBC}") = "UnitTestProject", "UnitTestProject\UnitTestProject.csproj", "{CA239D0E-0230-405E-A087-F012888B0C61}"
EndProject
Project("{FAE04EC0-301F-11D3-BF4B-00C04F79EFBC}") = "KNDBsys.Service", "KNDBsys.Service\KNDBsys.Service.csproj", "{6C91530B-EE56-4887-BC7D-36CE70698723}"
EndProject
Project("{FAE04EC0-301F-11D3-BF4B-00C04F79EFBC}") = "KNDBsys.IService", "KNDBsys.IService\KNDBsys.IService.csproj", "{F75391F5-48E0-4017-9B66-90B392AB3576}"
EndProject
Global
	GlobalSection(SolutionConfigurationPlatforms) = preSolution
		Debug|Any CPU = Debug|Any CPU
		Release|Any CPU = Release|Any CPU
	EndGlobalSection
	GlobalSection(ProjectConfigurationPlatforms) = postSolution
		{83628E47-9C59-47F0-8B42-EB9627740651}.Debug|Any CPU.ActiveCfg = Debug|Any CPU
		{83628E47-9C59-47F0-8B42-EB9627740651}.Debug|Any CPU.Build.0 = Debug|Any CPU
		{83628E47-9C59-47F0-8B42-EB9627740651}.Release|Any CPU.ActiveCfg = Release|Any CPU
		{83628E47-9C59-47F0-8B42-EB9627740651}.Release|Any CPU.Build.0 = Release|Any CPU
		{6BA63A23-22A5-4B93-8461-17AE0AA43B59}.Debug|Any CPU.ActiveCfg = Debug|Any CPU
		{6BA63A23-22A5-4B93-8461-17AE0AA43B59}.Debug|Any CPU.Build.0 = Debug|Any CPU
		{6BA63A23-22A5-4B93-8461-17AE0AA43B59}.Release|Any CPU.ActiveCfg = Release|Any CPU
		{6BA63A23-22A5-4B93-8461-17AE0AA43B59}.Release|Any CPU.Build.0 = Release|Any CPU
		{AE7B3D24-8AD2-4C6F-AF32-DDC1B0A71EF1}.Debug|Any CPU.ActiveCfg = Debug|Any CPU
		{AE7B3D24-8AD2-4C6F-AF32-DDC1B0A71EF1}.Debug|Any CPU.Build.0 = Debug|Any CPU
		{AE7B3D24-8AD2-4C6F-AF32-DDC1B0A71EF1}.Release|Any CPU.ActiveCfg = Release|Any CPU
		{AE7B3D24-8AD2-4C6F-AF32-DDC1B0A71EF1}.Release|Any CPU.Build.0 = Release|Any CPU
		{9655E859-F8CA-4EE1-A506-E6E7605CC762}.Debug|Any CPU.ActiveCfg = Debug|Any CPU
		{9655E859-F8CA-4EE1-A506-E6E7605CC762}.Debug|Any CPU.Build.0 = Debug|Any CPU
		{9655E859-F8CA-4EE1-A506-E6E7605CC762}.Release|Any CPU.ActiveCfg = Release|Any CPU
		{9655E859-F8CA-4EE1-A506-E6E7605CC762}.Release|Any CPU.Build.0 = Release|Any CPU
		{9CCC63A6-6F4C-44EB-ABF0-90E4EA328F61}.Debug|Any CPU.ActiveCfg = Debug|Any CPU
		{9CCC63A6-6F4C-44EB-ABF0-90E4EA328F61}.Debug|Any CPU.Build.0 = Debug|Any CPU
		{9CCC63A6-6F4C-44EB-ABF0-90E4EA328F61}.Release|Any CPU.ActiveCfg = Release|Any CPU
		{9CCC63A6-6F4C-44EB-ABF0-90E4EA328F61}.Release|Any CPU.Build.0 = Release|Any CPU
		{8B211DB0-D7FD-4CA7-97B5-A0A012A10AC6}.Debug|Any CPU.ActiveCfg = Debug|Any CPU
		{8B211DB0-D7FD-4CA7-97B5-A0A012A10AC6}.Debug|Any CPU.Build.0 = Debug|Any CPU
		{8B211DB0-D7FD-4CA7-97B5-A0A012A10AC6}.Release|Any CPU.ActiveCfg = Release|Any CPU
		{8B211DB0-D7FD-4CA7-97B5-A0A012A10AC6}.Release|Any CPU.Build.0 = Release|Any CPU
		{4D6AD45D-D2DA-4AE8-8AF6-85EB095AFA6E}.Debug|Any CPU.ActiveCfg = Debug|Any CPU
		{4D6AD45D-D2DA-4AE8-8AF6-85EB095AFA6E}.Debug|Any CPU.Build.0 = Debug|Any CPU
		{4D6AD45D-D2DA-4AE8-8AF6-85EB095AFA6E}.Release|Any CPU.ActiveCfg = Release|Any CPU
		{4D6AD45D-D2DA-4AE8-8AF6-85EB095AFA6E}.Release|Any CPU.Build.0 = Release|Any CPU
		{06B9125A-BF58-40E7-A829-37F95BE7917B}.Debug|Any CPU.ActiveCfg = Debug|Any CPU
		{06B9125A-BF58-40E7-A829-37F95BE7917B}.Debug|Any CPU.Build.0 = Debug|Any CPU
		{06B9125A-BF58-40E7-A829-37F95BE7917B}.Release|Any CPU.ActiveCfg = Release|Any CPU
		{06B9125A-BF58-40E7-A829-37F95BE7917B}.Release|Any CPU.Build.0 = Release|Any CPU
		{CA239D0E-0230-405E-A087-F012888B0C61}.Debug|Any CPU.ActiveCfg = Debug|Any CPU
		{CA239D0E-0230-405E-A087-F012888B0C61}.Debug|Any CPU.Build.0 = Debug|Any CPU
		{CA239D0E-0230-405E-A087-F012888B0C61}.Release|Any CPU.ActiveCfg = Release|Any CPU
		{CA239D0E-0230-405E-A087-F012888B0C61}.Release|Any CPU.Build.0 = Release|Any CPU
		{6C91530B-EE56-4887-BC7D-36CE70698723}.Debug|Any CPU.ActiveCfg = Debug|Any CPU
		{6C91530B-EE56-4887-BC7D-36CE70698723}.Debug|Any CPU.Build.0 = Debug|Any CPU
		{6C91530B-EE56-4887-BC7D-36CE70698723}.Release|Any CPU.ActiveCfg = Release|Any CPU
		{6C91530B-EE56-4887-BC7D-36CE70698723}.Release|Any CPU.Build.0 = Release|Any CPU
		{F75391F5-48E0-4017-9B66-90B392AB3576}.Debug|Any CPU.ActiveCfg = Debug|Any CPU
		{F75391F5-48E0-4017-9B66-90B392AB3576}.Debug|Any CPU.Build.0 = Debug|Any CPU
		{F75391F5-48E0-4017-9B66-90B392AB3576}.Release|Any CPU.ActiveCfg = Release|Any CPU
		{F75391F5-48E0-4017-9B66-90B392AB3576}.Release|Any CPU.Build.0 = Release|Any CPU
	EndGlobalSection
	GlobalSection(SolutionProperties) = preSolution
		HideSolutionNode = FALSE
	EndGlobalSection
	GlobalSection(NestedProjects) = preSolution
		{AE7B3D24-8AD2-4C6F-AF32-DDC1B0A71EF1} = {C79EA3DD-C50D-417F-8F0A-7DE49DD654F8}
		{9655E859-F8CA-4EE1-A506-E6E7605CC762} = {C79EA3DD-C50D-417F-8F0A-7DE49DD654F8}
		{9CCC63A6-6F4C-44EB-ABF0-90E4EA328F61} = {9F44F76B-C411-4E4D-A00F-92F733EC9A20}
		{8B211DB0-D7FD-4CA7-97B5-A0A012A10AC6} = {9F44F76B-C411-4E4D-A00F-92F733EC9A20}
		{06B9125A-BF58-40E7-A829-37F95BE7917B} = {C543F252-AD04-4B70-AB42-DB36F920BCC0}
		{CA239D0E-0230-405E-A087-F012888B0C61} = {C543F252-AD04-4B70-AB42-DB36F920BCC0}
		{6C91530B-EE56-4887-BC7D-36CE70698723} = {9F44F76B-C411-4E4D-A00F-92F733EC9A20}
		{F75391F5-48E0-4017-9B66-90B392AB3576} = {9F44F76B-C411-4E4D-A00F-92F733EC9A20}
	EndGlobalSection
	GlobalSection(ExtensibilityGlobals) = postSolution
		SolutionGuid = {749492DA-89B4-476A-AEAE-A607AC48197D}
	EndGlobalSection
EndGlobal
